
Microsoft Visual Studio Solution File, Format Version 12.00
# Visual Studio Version 16
VisualStudioVersion = 16.0.29123.88
MinimumVisualStudioVersion = 10.0.40219.1
Project("{FAE04EC0-301F-11D3-BF4B-00C04F79EFBC}") = "GroupProject.UWP", "GroupProject\GroupProject.UWP\GroupProject.UWP.csproj", "{FEA1E7D8-C19E-47B8-B5E9-F1ADB5F38A05}"
EndProject
Project("{FAE04EC0-301F-11D3-BF4B-00C04F79EFBC}") = "GroupProject.Android", "GroupProject\GroupProject.Android\GroupProject.Android.csproj", "{7334270D-93A3-4843-99ED-8066F6B9A232}"
EndProject
Project("{FAE04EC0-301F-11D3-BF4B-00C04F79EFBC}") = "GroupProject.iOS", "GroupProject\GroupProject.iOS\GroupProject.iOS.csproj", "{5A6D10CE-9354-4770-88AA-6901C7BC4ADD}"
EndProject
Project("{9A19103F-16F7-4668-BE54-9A1E7A4F7556}") = "GroupProject", "GroupProject\GroupProject\GroupProject.csproj", "{B5974634-74DC-48FF-936F-47C3FE789365}"
EndProject
Project("{2150E333-8FDC-42A3-9474-1A3956D46DE8}") = "Solution Items", "Solution Items", "{B675A591-FC45-4DD4-9BCF-0EAF3D58DD59}"
EndProject
Global
	GlobalSection(SolutionConfigurationPlatforms) = preSolution
		Debug|Any CPU = Debug|Any CPU
		Debug|ARM = Debug|ARM
		Debug|iPhone = Debug|iPhone
		Debug|iPhoneSimulator = Debug|iPhoneSimulator
		Debug|x64 = Debug|x64
		Debug|x86 = Debug|x86
		Release|Any CPU = Release|Any CPU
		Release|ARM = Release|ARM
		Release|iPhone = Release|iPhone
		Release|iPhoneSimulator = Release|iPhoneSimulator
		Release|x64 = Release|x64
		Release|x86 = Release|x86
	EndGlobalSection
	GlobalSection(ProjectConfigurationPlatforms) = postSolution
		{FEA1E7D8-C19E-47B8-B5E9-F1ADB5F38A05}.Debug|Any CPU.ActiveCfg = Debug|x86
		{FEA1E7D8-C19E-47B8-B5E9-F1ADB5F38A05}.Debug|Any CPU.Build.0 = Debug|x86
		{FEA1E7D8-C19E-47B8-B5E9-F1ADB5F38A05}.Debug|Any CPU.Deploy.0 = Debug|x86
		{FEA1E7D8-C19E-47B8-B5E9-F1ADB5F38A05}.Debug|ARM.ActiveCfg = Debug|ARM
		{FEA1E7D8-C19E-47B8-B5E9-F1ADB5F38A05}.Debug|ARM.Build.0 = Debug|ARM
		{FEA1E7D8-C19E-47B8-B5E9-F1ADB5F38A05}.Debug|ARM.Deploy.0 = Debug|ARM
		{FEA1E7D8-C19E-47B8-B5E9-F1ADB5F38A05}.Debug|iPhone.ActiveCfg = Debug|x86
		{FEA1E7D8-C19E-47B8-B5E9-F1ADB5F38A05}.Debug|iPhone.Build.0 = Debug|x86
		{FEA1E7D8-C19E-47B8-B5E9-F1ADB5F38A05}.Debug|iPhone.Deploy.0 = Debug|x86
		{FEA1E7D8-C19E-47B8-B5E9-F1ADB5F38A05}.Debug|iPhoneSimulator.ActiveCfg = Debug|x86
		{FEA1E7D8-C19E-47B8-B5E9-F1ADB5F38A05}.Debug|iPhoneSimulator.Build.0 = Debug|x86
		{FEA1E7D8-C19E-47B8-B5E9-F1ADB5F38A05}.Debug|iPhoneSimulator.Deploy.0 = Debug|x86
		{FEA1E7D8-C19E-47B8-B5E9-F1ADB5F38A05}.Debug|x64.ActiveCfg = Debug|x64
		{FEA1E7D8-C19E-47B8-B5E9-F1ADB5F38A05}.Debug|x64.Build.0 = Debug|x64
		{FEA1E7D8-C19E-47B8-B5E9-F1ADB5F38A05}.Debug|x64.Deploy.0 = Debug|x64
		{FEA1E7D8-C19E-47B8-B5E9-F1ADB5F38A05}.Debug|x86.ActiveCfg = Debug|x86
		{FEA1E7D8-C19E-47B8-B5E9-F1ADB5F38A05}.Debug|x86.Build.0 = Debug|x86
		{FEA1E7D8-C19E-47B8-B5E9-F1ADB5F38A05}.Debug|x86.Deploy.0 = Debug|x86
		{FEA1E7D8-C19E-47B8-B5E9-F1ADB5F38A05}.Release|Any CPU.ActiveCfg = Release|x86
		{FEA1E7D8-C19E-47B8-B5E9-F1ADB5F38A05}.Release|Any CPU.Build.0 = Release|x86
		{FEA1E7D8-C19E-47B8-B5E9-F1ADB5F38A05}.Release|Any CPU.Deploy.0 = Release|x86
		{FEA1E7D8-C19E-47B8-B5E9-F1ADB5F38A05}.Release|ARM.ActiveCfg = Release|ARM
		{FEA1E7D8-C19E-47B8-B5E9-F1ADB5F38A05}.Release|ARM.Build.0 = Release|ARM
		{FEA1E7D8-C19E-47B8-B5E9-F1ADB5F38A05}.Release|ARM.Deploy.0 = Release|ARM
		{FEA1E7D8-C19E-47B8-B5E9-F1ADB5F38A05}.Release|iPhone.ActiveCfg = Release|x86
		{FEA1E7D8-C19E-47B8-B5E9-F1ADB5F38A05}.Release|iPhone.Build.0 = Release|x86
		{FEA1E7D8-C19E-47B8-B5E9-F1ADB5F38A05}.Release|iPhone.Deploy.0 = Release|x86
		{FEA1E7D8-C19E-47B8-B5E9-F1ADB5F38A05}.Release|iPhoneSimulator.ActiveCfg = Release|x86
		{FEA1E7D8-C19E-47B8-B5E9-F1ADB5F38A05}.Release|iPhoneSimulator.Build.0 = Release|x86
		{FEA1E7D8-C19E-47B8-B5E9-F1ADB5F38A05}.Release|iPhoneSimulator.Deploy.0 = Release|x86
		{FEA1E7D8-C19E-47B8-B5E9-F1ADB5F38A05}.Release|x64.ActiveCfg = Release|x64
		{FEA1E7D8-C19E-47B8-B5E9-F1ADB5F38A05}.Release|x64.Build.0 = Release|x64
		{FEA1E7D8-C19E-47B8-B5E9-F1ADB5F38A05}.Release|x64.Deploy.0 = Release|x64
		{FEA1E7D8-C19E-47B8-B5E9-F1ADB5F38A05}.Release|x86.ActiveCfg = Release|x86
		{FEA1E7D8-C19E-47B8-B5E9-F1ADB5F38A05}.Release|x86.Build.0 = Release|x86
		{FEA1E7D8-C19E-47B8-B5E9-F1ADB5F38A05}.Release|x86.Deploy.0 = Release|x86
		{7334270D-93A3-4843-99ED-8066F6B9A232}.Debug|Any CPU.ActiveCfg = Debug|Any CPU
		{7334270D-93A3-4843-99ED-8066F6B9A232}.Debug|Any CPU.Build.0 = Debug|Any CPU
		{7334270D-93A3-4843-99ED-8066F6B9A232}.Debug|Any CPU.Deploy.0 = Debug|Any CPU
		{7334270D-93A3-4843-99ED-8066F6B9A232}.Debug|ARM.ActiveCfg = Debug|Any CPU
		{7334270D-93A3-4843-99ED-8066F6B9A232}.Debug|ARM.Build.0 = Debug|Any CPU
		{7334270D-93A3-4843-99ED-8066F6B9A232}.Debug|ARM.Deploy.0 = Debug|Any CPU
		{7334270D-93A3-4843-99ED-8066F6B9A232}.Debug|iPhone.ActiveCfg = Debug|Any CPU
		{7334270D-93A3-4843-99ED-8066F6B9A232}.Debug|iPhone.Build.0 = Debug|Any CPU
		{7334270D-93A3-4843-99ED-8066F6B9A232}.Debug|iPhone.Deploy.0 = Debug|Any CPU
		{7334270D-93A3-4843-99ED-8066F6B9A232}.Debug|iPhoneSimulator.ActiveCfg = Debug|Any CPU
		{7334270D-93A3-4843-99ED-8066F6B9A232}.Debug|iPhoneSimulator.Build.0 = Debug|Any CPU
		{7334270D-93A3-4843-99ED-8066F6B9A232}.Debug|iPhoneSimulator.Deploy.0 = Debug|Any CPU
		{7334270D-93A3-4843-99ED-8066F6B9A232}.Debug|x64.ActiveCfg = Debug|Any CPU
		{7334270D-93A3-4843-99ED-8066F6B9A232}.Debug|x64.Build.0 = Debug|Any CPU
		{7334270D-93A3-4843-99ED-8066F6B9A232}.Debug|x64.Deploy.0 = Debug|Any CPU
		{7334270D-93A3-4843-99ED-8066F6B9A232}.Debug|x86.ActiveCfg = Debug|Any CPU
		{7334270D-93A3-4843-99ED-8066F6B9A232}.Debug|x86.Build.0 = Debug|Any CPU
		{7334270D-93A3-4843-99ED-8066F6B9A232}.Debug|x86.Deploy.0 = Debug|Any CPU
		{7334270D-93A3-4843-99ED-8066F6B9A232}.Release|Any CPU.ActiveCfg = Release|Any CPU
		{7334270D-93A3-4843-99ED-8066F6B9A232}.Release|Any CPU.Build.0 = Release|Any CPU
		{7334270D-93A3-4843-99ED-8066F6B9A232}.Release|Any CPU.Deploy.0 = Release|Any CPU
		{7334270D-93A3-4843-99ED-8066F6B9A232}.Release|ARM.ActiveCfg = Release|Any CPU
		{7334270D-93A3-4843-99ED-8066F6B9A232}.Release|ARM.Build.0 = Release|Any CPU
		{7334270D-93A3-4843-99ED-8066F6B9A232}.Release|ARM.Deploy.0 = Release|Any CPU
		{7334270D-93A3-4843-99ED-8066F6B9A232}.Release|iPhone.ActiveCfg = Release|Any CPU
		{7334270D-93A3-4843-99ED-8066F6B9A232}.Release|iPhone.Build.0 = Release|Any CPU
		{7334270D-93A3-4843-99ED-8066F6B9A232}.Release|iPhone.Deploy.0 = Release|Any CPU
		{7334270D-93A3-4843-99ED-8066F6B9A232}.Release|iPhoneSimulator.ActiveCfg = Release|Any CPU
		{7334270D-93A3-4843-99ED-8066F6B9A232}.Release|iPhoneSimulator.Build.0 = Release|Any CPU
		{7334270D-93A3-4843-99ED-8066F6B9A232}.Release|iPhoneSimulator.Deploy.0 = Release|Any CPU
		{7334270D-93A3-4843-99ED-8066F6B9A232}.Release|x64.ActiveCfg = Release|Any CPU
		{7334270D-93A3-4843-99ED-8066F6B9A232}.Release|x64.Build.0 = Release|Any CPU
		{7334270D-93A3-4843-99ED-8066F6B9A232}.Release|x64.Deploy.0 = Release|Any CPU
		{7334270D-93A3-4843-99ED-8066F6B9A232}.Release|x86.ActiveCfg = Release|Any CPU
		{7334270D-93A3-4843-99ED-8066F6B9A232}.Release|x86.Build.0 = Release|Any CPU
		{7334270D-93A3-4843-99ED-8066F6B9A232}.Release|x86.Deploy.0 = Release|Any CPU
		{5A6D10CE-9354-4770-88AA-6901C7BC4ADD}.Debug|Any CPU.ActiveCfg = Debug|iPhone
		{5A6D10CE-9354-4770-88AA-6901C7BC4ADD}.Debug|Any CPU.Build.0 = Debug|iPhone
		{5A6D10CE-9354-4770-88AA-6901C7BC4ADD}.Debug|Any CPU.Deploy.0 = Debug|iPhone
		{5A6D10CE-9354-4770-88AA-6901C7BC4ADD}.Debug|ARM.ActiveCfg = Debug|iPhoneSimulator
		{5A6D10CE-9354-4770-88AA-6901C7BC4ADD}.Debug|ARM.Build.0 = Debug|iPhoneSimulator
		{5A6D10CE-9354-4770-88AA-6901C7BC4ADD}.Debug|ARM.Deploy.0 = Debug|iPhoneSimulator
		{5A6D10CE-9354-4770-88AA-6901C7BC4ADD}.Debug|iPhone.ActiveCfg = Debug|iPhone
		{5A6D10CE-9354-4770-88AA-6901C7BC4ADD}.Debug|iPhone.Build.0 = Debug|iPhone
		{5A6D10CE-9354-4770-88AA-6901C7BC4ADD}.Debug|iPhone.Deploy.0 = Debug|iPhone
		{5A6D10CE-9354-4770-88AA-6901C7BC4ADD}.Debug|iPhoneSimulator.ActiveCfg = Debug|iPhoneSimulator
		{5A6D10CE-9354-4770-88AA-6901C7BC4ADD}.Debug|iPhoneSimulator.Build.0 = Debug|iPhoneSimulator
		{5A6D10CE-9354-4770-88AA-6901C7BC4ADD}.Debug|iPhoneSimulator.Deploy.0 = Debug|iPhoneSimulator
		{5A6D10CE-9354-4770-88AA-6901C7BC4ADD}.Debug|x64.ActiveCfg = Debug|iPhone
		{5A6D10CE-9354-4770-88AA-6901C7BC4ADD}.Debug|x64.Build.0 = Debug|iPhone
		{5A6D10CE-9354-4770-88AA-6901C7BC4ADD}.Debug|x64.Deploy.0 = Debug|iPhone
		{5A6D10CE-9354-4770-88AA-6901C7BC4ADD}.Debug|x86.ActiveCfg = Debug|iPhone
		{5A6D10CE-9354-4770-88AA-6901C7BC4ADD}.Debug|x86.Build.0 = Debug|iPhone
		{5A6D10CE-9354-4770-88AA-6901C7BC4ADD}.Debug|x86.Deploy.0 = Debug|iPhone
		{5A6D10CE-9354-4770-88AA-6901C7BC4ADD}.Release|Any CPU.ActiveCfg = Release|iPhone
		{5A6D10CE-9354-4770-88AA-6901C7BC4ADD}.Release|Any CPU.Build.0 = Release|iPhone
		{5A6D10CE-9354-4770-88AA-6901C7BC4ADD}.Release|Any CPU.Deploy.0 = Release|iPhone
		{5A6D10CE-9354-4770-88AA-6901C7BC4ADD}.Release|ARM.ActiveCfg = Release|iPhone
		{5A6D10CE-9354-4770-88AA-6901C7BC4ADD}.Release|ARM.Build.0 = Release|iPhone
		{5A6D10CE-9354-4770-88AA-6901C7BC4ADD}.Release|ARM.Deploy.0 = Release|iPhone
		{5A6D10CE-9354-4770-88AA-6901C7BC4ADD}.Release|iPhone.ActiveCfg = Release|iPhone
		{5A6D10CE-9354-4770-88AA-6901C7BC4ADD}.Release|iPhone.Build.0 = Release|iPhone
		{5A6D10CE-9354-4770-88AA-6901C7BC4ADD}.Release|iPhone.Deploy.0 = Release|iPhone
		{5A6D10CE-9354-4770-88AA-6901C7BC4ADD}.Release|iPhoneSimulator.ActiveCfg = Release|iPhoneSimulator
		{5A6D10CE-9354-4770-88AA-6901C7BC4ADD}.Release|iPhoneSimulator.Build.0 = Release|iPhoneSimulator
		{5A6D10CE-9354-4770-88AA-6901C7BC4ADD}.Release|iPhoneSimulator.Deploy.0 = Release|iPhoneSimulator
		{5A6D10CE-9354-4770-88AA-6901C7BC4ADD}.Release|x64.ActiveCfg = Release|iPhone
		{5A6D10CE-9354-4770-88AA-6901C7BC4ADD}.Release|x64.Build.0 = Release|iPhone
		{5A6D10CE-9354-4770-88AA-6901C7BC4ADD}.Release|x64.Deploy.0 = Release|iPhone
		{5A6D10CE-9354-4770-88AA-6901C7BC4ADD}.Release|x86.ActiveCfg = Release|iPhone
		{5A6D10CE-9354-4770-88AA-6901C7BC4ADD}.Release|x86.Build.0 = Release|iPhone
		{5A6D10CE-9354-4770-88AA-6901C7BC4ADD}.Release|x86.Deploy.0 = Release|iPhone
		{B5974634-74DC-48FF-936F-47C3FE789365}.Debug|Any CPU.ActiveCfg = Debug|Any CPU
		{B5974634-74DC-48FF-936F-47C3FE789365}.Debug|Any CPU.Build.0 = Debug|Any CPU
		{B5974634-74DC-48FF-936F-47C3FE789365}.Debug|Any CPU.Deploy.0 = Debug|Any CPU
		{B5974634-74DC-48FF-936F-47C3FE789365}.Debug|ARM.ActiveCfg = Debug|Any CPU
		{B5974634-74DC-48FF-936F-47C3FE789365}.Debug|ARM.Build.0 = Debug|Any CPU
		{B5974634-74DC-48FF-936F-47C3FE789365}.Debug|ARM.Deploy.0 = Debug|Any CPU
		{B5974634-74DC-48FF-936F-47C3FE789365}.Debug|iPhone.ActiveCfg = Debug|Any CPU
		{B5974634-74DC-48FF-936F-47C3FE789365}.Debug|iPhone.Build.0 = Debug|Any CPU
		{B5974634-74DC-48FF-936F-47C3FE789365}.Debug|iPhone.Deploy.0 = Debug|Any CPU
		{B5974634-74DC-48FF-936F-47C3FE789365}.Debug|iPhoneSimulator.ActiveCfg = Debug|Any CPU
		{B5974634-74DC-48FF-936F-47C3FE789365}.Debug|iPhoneSimulator.Build.0 = Debug|Any CPU
		{B5974634-74DC-48FF-936F-47C3FE789365}.Debug|iPhoneSimulator.Deploy.0 = Debug|Any CPU
		{B5974634-74DC-48FF-936F-47C3FE789365}.Debug|x64.ActiveCfg = Debug|Any CPU
		{B5974634-74DC-48FF-936F-47C3FE789365}.Debug|x64.Build.0 = Debug|Any CPU
		{B5974634-74DC-48FF-936F-47C3FE789365}.Debug|x64.Deploy.0 = Debug|Any CPU
		{B5974634-74DC-48FF-936F-47C3FE789365}.Debug|x86.ActiveCfg = Debug|Any CPU
		{B5974634-74DC-48FF-936F-47C3FE789365}.Debug|x86.Build.0 = Debug|Any CPU
		{B5974634-74DC-48FF-936F-47C3FE789365}.Debug|x86.Deploy.0 = Debug|Any CPU
		{B5974634-74DC-48FF-936F-47C3FE789365}.Release|Any CPU.ActiveCfg = Release|Any CPU
		{B5974634-74DC-48FF-936F-47C3FE789365}.Release|Any CPU.Build.0 = Release|Any CPU
		{B5974634-74DC-48FF-936F-47C3FE789365}.Release|Any CPU.Deploy.0 = Release|Any CPU
		{B5974634-74DC-48FF-936F-47C3FE789365}.Release|ARM.ActiveCfg = Release|Any CPU
		{B5974634-74DC-48FF-936F-47C3FE789365}.Release|ARM.Build.0 = Release|Any CPU
		{B5974634-74DC-48FF-936F-47C3FE789365}.Release|ARM.Deploy.0 = Release|Any CPU
		{B5974634-74DC-48FF-936F-47C3FE789365}.Release|iPhone.ActiveCfg = Release|Any CPU
		{B5974634-74DC-48FF-936F-47C3FE789365}.Release|iPhone.Build.0 = Release|Any CPU
		{B5974634-74DC-48FF-936F-47C3FE789365}.Release|iPhone.Deploy.0 = Release|Any CPU
		{B5974634-74DC-48FF-936F-47C3FE789365}.Release|iPhoneSimulator.ActiveCfg = Release|Any CPU
		{B5974634-74DC-48FF-936F-47C3FE789365}.Release|iPhoneSimulator.Build.0 = Release|Any CPU
		{B5974634-74DC-48FF-936F-47C3FE789365}.Release|iPhoneSimulator.Deploy.0 = Release|Any CPU
		{B5974634-74DC-48FF-936F-47C3FE789365}.Release|x64.ActiveCfg = Release|Any CPU
		{B5974634-74DC-48FF-936F-47C3FE789365}.Release|x64.Build.0 = Release|Any CPU
		{B5974634-74DC-48FF-936F-47C3FE789365}.Release|x64.Deploy.0 = Release|Any CPU
		{B5974634-74DC-48FF-936F-47C3FE789365}.Release|x86.ActiveCfg = Release|Any CPU
		{B5974634-74DC-48FF-936F-47C3FE789365}.Release|x86.Build.0 = Release|Any CPU
		{B5974634-74DC-48FF-936F-47C3FE789365}.Release|x86.Deploy.0 = Release|Any CPU
	EndGlobalSection
	GlobalSection(SolutionProperties) = preSolution
		HideSolutionNode = FALSE
	EndGlobalSection
	GlobalSection(ExtensibilityGlobals) = postSolution
		SolutionGuid = {0F87F383-C485-4AB8-B67D-B74D0BA149E7}
	EndGlobalSection
EndGlobal
